
Microsoft Visual Studio Solution File, Format Version 12.00
# Visual Studio Version 17
VisualStudioVersion = 17.0.31903.59
MinimumVisualStudioVersion = 10.0.40219.1
Project("{9A19103F-16F7-4668-BE54-9A1E7A4F7556}") = "Sample1_CreatingAnApplication.Android", "Sample1_CreatingAnApplication\Sample1_CreatingAnApplication.Android\Sample1_CreatingAnApplication.Android.csproj", "{787C612C-EDA4-423E-A0C8-E75459BECDDD}"
EndProject
Project("{2150E333-8FDC-42A3-9474-1A3956D46DE8}") = "Solution Items", "Solution Items", "{0D8C8A51-3DBE-49B3-9359-262536450FF0}"
	ProjectSection(SolutionItems) = preProject
		Directory.Packages.props = Directory.Packages.props
	EndProjectSection
EndProject
Project("{9A19103F-16F7-4668-BE54-9A1E7A4F7556}") = "Sample1_CreatingAnApplication.NETCore", "Sample1_CreatingAnApplication\Sample1_CreatingAnApplication.NETCore\Sample1_CreatingAnApplication.NETCore.csproj", "{1BDE5F74-CB15-4E07-86AC-3A68BC05DEAB}"
EndProject
Project("{9A19103F-16F7-4668-BE54-9A1E7A4F7556}") = "Sample2_HandlingInput.Android", "Sample2_HandlingInput\Sample2_HandlingInput.Android\Sample2_HandlingInput.Android.csproj", "{251EDE60-BB50-4F4C-90A1-7432D3C4A9C8}"
EndProject
Project("{9A19103F-16F7-4668-BE54-9A1E7A4F7556}") = "Sample2_HandlingInput.NETCore", "Sample2_HandlingInput\Sample2_HandlingInput.NETCore\Sample2_HandlingInput.NETCore.csproj", "{816453D7-580B-4E67-A037-65B82499F4AA}"
EndProject
Project("{9A19103F-16F7-4668-BE54-9A1E7A4F7556}") = "Sample3_RenderingGeometry.NETCore", "Sample3_RenderingGeometry\Sample3_RenderingGeometry.NETCore\Sample3_RenderingGeometry.NETCore.csproj", "{A4A5B941-B3CB-482F-AF34-4B14381D4C9E}"
EndProject
Project("{9A19103F-16F7-4668-BE54-9A1E7A4F7556}") = "Sample3_RenderingGeometry.Android", "Sample3_RenderingGeometry\Sample3_RenderingGeometry.Android\Sample3_RenderingGeometry.Android.csproj", "{5A6610F9-3506-4F3E-910C-55B9CFC0295B}"
EndProject
Project("{9A19103F-16F7-4668-BE54-9A1E7A4F7556}") = "Sample4_ContentManagement.NETCore", "Sample4_ContentManagement\Sample4_ContentManagement.NETCore\Sample4_ContentManagement.NETCore.csproj", "{867A7915-B597-4F80-B6D1-671676438C0E}"
EndProject
Project("{9A19103F-16F7-4668-BE54-9A1E7A4F7556}") = "Sample4_ContentManagement.Android", "Sample4_ContentManagement\Sample4_ContentManagement.Android\Sample4_ContentManagement.Android.csproj", "{7493A112-DEAE-4B42-94D0-5FB70D7B29B2}"
EndProject
Project("{9A19103F-16F7-4668-BE54-9A1E7A4F7556}") = "Sample5_RenderingSprites.NETCore", "Sample5_RenderingSprites\Sample5_RenderingSprites.NETCore\Sample5_RenderingSprites.NETCore.csproj", "{5CAAE43F-C88E-496F-9121-115D78E69195}"
EndProject
Project("{9A19103F-16F7-4668-BE54-9A1E7A4F7556}") = "Sample5_RenderingSprites.Android", "Sample5_RenderingSprites\Sample5_RenderingSprites.Android\Sample5_RenderingSprites.Android.csproj", "{8E649E82-4F51-480D-BBE0-26A2CF6F8DEB}"
EndProject
Project("{9A19103F-16F7-4668-BE54-9A1E7A4F7556}") = "Sample6_RenderingText.Android", "Sample6_RenderingText\Sample6_RenderingText.Android\Sample6_RenderingText.Android.csproj", "{C81E1D1B-391F-4784-A762-636EE7C542BB}"
EndProject
Project("{9A19103F-16F7-4668-BE54-9A1E7A4F7556}") = "Sample6_RenderingText.NETCore", "Sample6_RenderingText\Sample6_RenderingText.NETCore\Sample6_RenderingText.NETCore.csproj", "{83848B6B-050B-4C80-8157-A085B4CF5F96}"
EndProject
Project("{9A19103F-16F7-4668-BE54-9A1E7A4F7556}") = "Sample7_PlayingMusic.NETCore", "Sample7_PlayingMusic\Sample7_PlayingMusic.NETCore\Sample7_PlayingMusic.NETCore.csproj", "{2274A6BB-A926-4352-B3CB-DEAEA8CC74A2}"
EndProject
Project("{9A19103F-16F7-4668-BE54-9A1E7A4F7556}") = "Sample7_PlayingMusic.Android", "Sample7_PlayingMusic\Sample7_PlayingMusic.Android\Sample7_PlayingMusic.Android.csproj", "{0EC08D0F-C3BA-47EB-9D4A-01B0A42A1052}"
EndProject
Project("{9A19103F-16F7-4668-BE54-9A1E7A4F7556}") = "Sample8_PlayingSoundEffects.NETCore", "Sample8_PlayingSoundEffects\Sample8_PlayingSoundEffects.NETCore\Sample8_PlayingSoundEffects.NETCore.csproj", "{77A055B8-AAFF-419F-8129-9D44D43D017A}"
EndProject
Project("{9A19103F-16F7-4668-BE54-9A1E7A4F7556}") = "Sample8_PlayingSoundEffects.Android", "Sample8_PlayingSoundEffects\Sample8_PlayingSoundEffects.Android\Sample8_PlayingSoundEffects.Android.csproj", "{BB798BD9-766A-4F7B-A3DF-3CE02C34018A}"
EndProject
Project("{9A19103F-16F7-4668-BE54-9A1E7A4F7556}") = "Sample9_ManagingStateWithUIScreens.NETCore", "Sample9_ManagingStateWithUIScreens\Sample9_ManagingStateWithUIScreens.NETCore\Sample9_ManagingStateWithUIScreens.NETCore.csproj", "{6FB6F0E4-3A69-4969-BF35-80A18321805D}"
EndProject
Project("{9A19103F-16F7-4668-BE54-9A1E7A4F7556}") = "Sample9_ManagingStateWithUIScreens.Android", "Sample9_ManagingStateWithUIScreens\Sample9_ManagingStateWithUIScreens.Android\Sample9_ManagingStateWithUIScreens.Android.csproj", "{742C8AA6-A64B-429F-A7DB-0940F7254821}"
EndProject
Project("{9A19103F-16F7-4668-BE54-9A1E7A4F7556}") = "Sample10_AsynchronousContentLoading.NETCore", "Sample10_AsynchronousContentLoading\Sample10_AsynchronousContentLoading.NETCore\Sample10_AsynchronousContentLoading.NETCore.csproj", "{06D0FCD1-A5D6-4900-9F47-35364EF188CE}"
EndProject
Project("{9A19103F-16F7-4668-BE54-9A1E7A4F7556}") = "Sample10_AsynchronousContentLoading.Android", "Sample10_AsynchronousContentLoading\Sample10_AsynchronousContentLoading.Android\Sample10_AsynchronousContentLoading.Android.csproj", "{A43420AA-16B4-428C-9177-12B0C833077C}"
EndProject
Project("{9A19103F-16F7-4668-BE54-9A1E7A4F7556}") = "Sample11_GamePads.NETCore", "Sample11_GamePads\Sample11_GamePads.NETCore\Sample11_GamePads.NETCore.csproj", "{FF323C05-D9F3-4431-BFE8-715D0506BD84}"
EndProject
Project("{9A19103F-16F7-4668-BE54-9A1E7A4F7556}") = "Sample11_GamePads.Android", "Sample11_GamePads\Sample11_GamePads.Android\Sample11_GamePads.Android.csproj", "{CB95C072-99AE-41DA-85FC-0BFC29F0B8F1}"
EndProject
Project("{9A19103F-16F7-4668-BE54-9A1E7A4F7556}") = "Sample12_UPF.NETCore", "Sample12_UPF\Sample12_UPF.NETCore\Sample12_UPF.NETCore.csproj", "{5624C497-1376-4885-AF37-11A9B4C24D03}"
EndProject
Project("{9A19103F-16F7-4668-BE54-9A1E7A4F7556}") = "Sample12_UPF.Android", "Sample12_UPF\Sample12_UPF.Android\Sample12_UPF.Android.csproj", "{74751364-3282-48AA-9A56-298053E589A0}"
EndProject
Project("{9A19103F-16F7-4668-BE54-9A1E7A4F7556}") = "Sample13_UPFAdvanced.NETCore", "Sample13_UPFAdvanced\Sample13_UPFAdvanced.NETCore\Sample13_UPFAdvanced.NETCore.csproj", "{E3A654E5-A303-4257-83F5-3A7D15898C31}"
EndProject
Project("{9A19103F-16F7-4668-BE54-9A1E7A4F7556}") = "Sample13_UPFAdvanced.Android", "Sample13_UPFAdvanced\Sample13_UPFAdvanced.Android\Sample13_UPFAdvanced.Android.csproj", "{65B3B333-1FE7-48FD-97DF-23130C23D664}"
EndProject
Project("{9A19103F-16F7-4668-BE54-9A1E7A4F7556}") = "Sample14_LoadingImageDataWithSurfaces.NETCore", "Sample14_LoadingImageDataWithSurfaces\Sample14_LoadingImageDataWithSurfaces.NETCore\Sample14_LoadingImageDataWithSurfaces.NETCore.csproj", "{0CD1F341-D694-44DB-A2DF-FAA87B6D5E44}"
EndProject
Project("{9A19103F-16F7-4668-BE54-9A1E7A4F7556}") = "Sample14_LoadingImageDataWithSurfaces.Android", "Sample14_LoadingImageDataWithSurfaces\Sample14_LoadingImageDataWithSurfaces.Android\Sample14_LoadingImageDataWithSurfaces.Android.csproj", "{CCD66363-0CCD-42FB-B2A3-DD7523D680D6}"
EndProject
Project("{9A19103F-16F7-4668-BE54-9A1E7A4F7556}") = "Sample15_RenderTargetsAndBuffers.NETCore", "Sample15_RenderTargetsAndBuffers\Sample15_RenderTargetsAndBuffers.NETCore\Sample15_RenderTargetsAndBuffers.NETCore.csproj", "{7E2163AF-C80E-41BB-AA08-0044A383E655}"
EndProject
Project("{9A19103F-16F7-4668-BE54-9A1E7A4F7556}") = "Sample15_RenderTargetsAndBuffers.Android", "Sample15_RenderTargetsAndBuffers\Sample15_RenderTargetsAndBuffers.Android\Sample15_RenderTargetsAndBuffers.Android.csproj", "{BD40B3D0-A7F6-4132-9257-4399158B4E50}"
EndProject
Project("{9A19103F-16F7-4668-BE54-9A1E7A4F7556}") = "Sample16_CustomTextLayoutCommands.NETCore", "Sample16_CustomTextLayoutCommands\Sample16_CustomTextLayoutCommands.NETCore\Sample16_CustomTextLayoutCommands.NETCore.csproj", "{42AC6A19-AA57-4C89-932B-ECF52C6F0F51}"
EndProject
Project("{9A19103F-16F7-4668-BE54-9A1E7A4F7556}") = "Sample16_CustomTextLayoutCommands.Android", "Sample16_CustomTextLayoutCommands\Sample16_CustomTextLayoutCommands.Android\Sample16_CustomTextLayoutCommands.Android.csproj", "{1A8587E2-474D-47CA-8FBE-7F29A6E081DF}"
EndProject
Project("{9A19103F-16F7-4668-BE54-9A1E7A4F7556}") = "Sample15_RenderTargetsAndBuffers.Shared", "Sample15_RenderTargetsAndBuffers\Sample15_RenderTargetsAndBuffers.Shared\Sample15_RenderTargetsAndBuffers.Shared.csproj", "{DDB22F4A-097E-41B8-801C-D27A707A0C50}"
EndProject
Project("{9A19103F-16F7-4668-BE54-9A1E7A4F7556}") = "Sample16_CustomTextLayoutCommands.Shared", "Sample16_CustomTextLayoutCommands\Sample16_CustomTextLayoutCommands.Shared\Sample16_CustomTextLayoutCommands.Shared.csproj", "{40CC6759-ED3D-4465-8594-4D644C382B76}"
EndProject
Project("{9A19103F-16F7-4668-BE54-9A1E7A4F7556}") = "Sample14_LoadingImageDataWithSurfaces.Shared", "Sample14_LoadingImageDataWithSurfaces\Sample14_LoadingImageDataWithSurfaces.Shared\Sample14_LoadingImageDataWithSurfaces.Shared.csproj", "{B7F1E818-B11B-4131-A736-A02ED5990418}"
EndProject
Project("{9A19103F-16F7-4668-BE54-9A1E7A4F7556}") = "Sample13_UPFAdvanced.Shared", "Sample13_UPFAdvanced\Sample13_UPFAdvanced.Shared\Sample13_UPFAdvanced.Shared.csproj", "{33ADFAC7-FE83-45D8-8252-67D9A0FFDFB3}"
EndProject
Project("{9A19103F-16F7-4668-BE54-9A1E7A4F7556}") = "Sample12_UPF.Shared", "Sample12_UPF\Sample12_UPF.Shared\Sample12_UPF.Shared.csproj", "{93153901-14E5-4948-885E-59431C6038F3}"
EndProject
Project("{9A19103F-16F7-4668-BE54-9A1E7A4F7556}") = "Sample11_GamePads.Shared", "Sample11_GamePads\Sample11_GamePads.Shared\Sample11_GamePads.Shared.csproj", "{8406C097-8867-4E14-BADD-34F23960F970}"
EndProject
Project("{9A19103F-16F7-4668-BE54-9A1E7A4F7556}") = "Sample10_AsynchronousContentLoading.Shared", "Sample10_AsynchronousContentLoading\Sample10_AsynchronousContentLoading.Shared\Sample10_AsynchronousContentLoading.Shared.csproj", "{D59ED4FB-1ADB-4C6B-BF61-F8C33EAD12EA}"
EndProject
Project("{9A19103F-16F7-4668-BE54-9A1E7A4F7556}") = "Sample9_ManagingStateWithUIScreens.Shared", "Sample9_ManagingStateWithUIScreens\Sample9_ManagingStateWithUIScreens.Shared\Sample9_ManagingStateWithUIScreens.Shared.csproj", "{A5820D28-0D0D-446B-9394-3888D08D3ACB}"
EndProject
Project("{9A19103F-16F7-4668-BE54-9A1E7A4F7556}") = "Sample8_PlayingSoundEffects.Shared", "Sample8_PlayingSoundEffects\Sample8_PlayingSoundEffects.Shared\Sample8_PlayingSoundEffects.Shared.csproj", "{CEF37056-9C3A-4218-9DDF-379AC16BA9D3}"
EndProject
Project("{9A19103F-16F7-4668-BE54-9A1E7A4F7556}") = "Sample7_PlayingMusic.Shared", "Sample7_PlayingMusic\Sample7_PlayingMusic.Shared\Sample7_PlayingMusic.Shared.csproj", "{FF900168-93D6-4E4B-9727-53377AEAED51}"
EndProject
Project("{9A19103F-16F7-4668-BE54-9A1E7A4F7556}") = "Sample6_RenderingText.Shared", "Sample6_RenderingText\Sample6_RenderingText.Shared\Sample6_RenderingText.Shared.csproj", "{8F762191-5416-47B8-986F-08A377DD0CEC}"
EndProject
Project("{9A19103F-16F7-4668-BE54-9A1E7A4F7556}") = "Sample5_RenderingSprites.Shared", "Sample5_RenderingSprites\Sample5_RenderingSprites.Shared\Sample5_RenderingSprites.Shared.csproj", "{AC1A7E19-FF9F-4F22-9EEF-F74144C3E866}"
EndProject
Project("{9A19103F-16F7-4668-BE54-9A1E7A4F7556}") = "Sample4_ContentManagement.Shared", "Sample4_ContentManagement\Sample4_ContentManagement.Shared\Sample4_ContentManagement.Shared.csproj", "{50311928-A757-4A0B-847E-58DB68FD6684}"
EndProject
Project("{9A19103F-16F7-4668-BE54-9A1E7A4F7556}") = "Sample3_RenderingGeometry.Shared", "Sample3_RenderingGeometry\Sample3_RenderingGeometry.Shared\Sample3_RenderingGeometry.Shared.csproj", "{C6BE873F-AD53-49F2-B39D-8E8440B677EB}"
EndProject
Project("{9A19103F-16F7-4668-BE54-9A1E7A4F7556}") = "Sample2_HandlingInput.Shared", "Sample2_HandlingInput\Sample2_HandlingInput.Shared\Sample2_HandlingInput.Shared.csproj", "{CEFF172C-F940-45C9-96AE-37126C014338}"
EndProject
Project("{9A19103F-16F7-4668-BE54-9A1E7A4F7556}") = "Sample1_CreatingAnApplication.Shared", "Sample1_CreatingAnApplication\Sample1_CreatingAnApplication.Shared\Sample1_CreatingAnApplication.Shared.csproj", "{76027302-C0D6-4111-B722-4AA40CA1ECC9}"
EndProject
Global
	GlobalSection(SolutionConfigurationPlatforms) = preSolution
		Debug|Any CPU = Debug|Any CPU
		Release|Any CPU = Release|Any CPU
	EndGlobalSection
	GlobalSection(ProjectConfigurationPlatforms) = postSolution
		{787C612C-EDA4-423E-A0C8-E75459BECDDD}.Debug|Any CPU.ActiveCfg = Debug|Any CPU
		{787C612C-EDA4-423E-A0C8-E75459BECDDD}.Debug|Any CPU.Build.0 = Debug|Any CPU
		{787C612C-EDA4-423E-A0C8-E75459BECDDD}.Debug|Any CPU.Deploy.0 = Debug|Any CPU
		{787C612C-EDA4-423E-A0C8-E75459BECDDD}.Release|Any CPU.ActiveCfg = Release|Any CPU
		{787C612C-EDA4-423E-A0C8-E75459BECDDD}.Release|Any CPU.Build.0 = Release|Any CPU
		{787C612C-EDA4-423E-A0C8-E75459BECDDD}.Release|Any CPU.Deploy.0 = Release|Any CPU
		{1BDE5F74-CB15-4E07-86AC-3A68BC05DEAB}.Debug|Any CPU.ActiveCfg = Debug|Any CPU
		{1BDE5F74-CB15-4E07-86AC-3A68BC05DEAB}.Debug|Any CPU.Build.0 = Debug|Any CPU
		{1BDE5F74-CB15-4E07-86AC-3A68BC05DEAB}.Release|Any CPU.ActiveCfg = Release|Any CPU
		{1BDE5F74-CB15-4E07-86AC-3A68BC05DEAB}.Release|Any CPU.Build.0 = Release|Any CPU
		{251EDE60-BB50-4F4C-90A1-7432D3C4A9C8}.Debug|Any CPU.ActiveCfg = Debug|Any CPU
		{251EDE60-BB50-4F4C-90A1-7432D3C4A9C8}.Debug|Any CPU.Build.0 = Debug|Any CPU
		{251EDE60-BB50-4F4C-90A1-7432D3C4A9C8}.Debug|Any CPU.Deploy.0 = Debug|Any CPU
		{251EDE60-BB50-4F4C-90A1-7432D3C4A9C8}.Release|Any CPU.ActiveCfg = Release|Any CPU
		{251EDE60-BB50-4F4C-90A1-7432D3C4A9C8}.Release|Any CPU.Build.0 = Release|Any CPU
		{251EDE60-BB50-4F4C-90A1-7432D3C4A9C8}.Release|Any CPU.Deploy.0 = Release|Any CPU
		{816453D7-580B-4E67-A037-65B82499F4AA}.Debug|Any CPU.ActiveCfg = Debug|Any CPU
		{816453D7-580B-4E67-A037-65B82499F4AA}.Debug|Any CPU.Build.0 = Debug|Any CPU
		{816453D7-580B-4E67-A037-65B82499F4AA}.Release|Any CPU.ActiveCfg = Release|Any CPU
		{816453D7-580B-4E67-A037-65B82499F4AA}.Release|Any CPU.Build.0 = Release|Any CPU
		{A4A5B941-B3CB-482F-AF34-4B14381D4C9E}.Debug|Any CPU.ActiveCfg = Debug|Any CPU
		{A4A5B941-B3CB-482F-AF34-4B14381D4C9E}.Debug|Any CPU.Build.0 = Debug|Any CPU
		{A4A5B941-B3CB-482F-AF34-4B14381D4C9E}.Release|Any CPU.ActiveCfg = Release|Any CPU
		{A4A5B941-B3CB-482F-AF34-4B14381D4C9E}.Release|Any CPU.Build.0 = Release|Any CPU
		{5A6610F9-3506-4F3E-910C-55B9CFC0295B}.Debug|Any CPU.ActiveCfg = Debug|Any CPU
		{5A6610F9-3506-4F3E-910C-55B9CFC0295B}.Debug|Any CPU.Build.0 = Debug|Any CPU
		{5A6610F9-3506-4F3E-910C-55B9CFC0295B}.Debug|Any CPU.Deploy.0 = Debug|Any CPU
		{5A6610F9-3506-4F3E-910C-55B9CFC0295B}.Release|Any CPU.ActiveCfg = Release|Any CPU
		{5A6610F9-3506-4F3E-910C-55B9CFC0295B}.Release|Any CPU.Build.0 = Release|Any CPU
		{5A6610F9-3506-4F3E-910C-55B9CFC0295B}.Release|Any CPU.Deploy.0 = Release|Any CPU
		{867A7915-B597-4F80-B6D1-671676438C0E}.Debug|Any CPU.ActiveCfg = Debug|Any CPU
		{867A7915-B597-4F80-B6D1-671676438C0E}.Debug|Any CPU.Build.0 = Debug|Any CPU
		{867A7915-B597-4F80-B6D1-671676438C0E}.Release|Any CPU.ActiveCfg = Release|Any CPU
		{867A7915-B597-4F80-B6D1-671676438C0E}.Release|Any CPU.Build.0 = Release|Any CPU
		{7493A112-DEAE-4B42-94D0-5FB70D7B29B2}.Debug|Any CPU.ActiveCfg = Debug|Any CPU
		{7493A112-DEAE-4B42-94D0-5FB70D7B29B2}.Debug|Any CPU.Build.0 = Debug|Any CPU
		{7493A112-DEAE-4B42-94D0-5FB70D7B29B2}.Debug|Any CPU.Deploy.0 = Debug|Any CPU
		{7493A112-DEAE-4B42-94D0-5FB70D7B29B2}.Release|Any CPU.ActiveCfg = Release|Any CPU
		{7493A112-DEAE-4B42-94D0-5FB70D7B29B2}.Release|Any CPU.Build.0 = Release|Any CPU
		{7493A112-DEAE-4B42-94D0-5FB70D7B29B2}.Release|Any CPU.Deploy.0 = Release|Any CPU
		{5CAAE43F-C88E-496F-9121-115D78E69195}.Debug|Any CPU.ActiveCfg = Debug|Any CPU
		{5CAAE43F-C88E-496F-9121-115D78E69195}.Debug|Any CPU.Build.0 = Debug|Any CPU
		{5CAAE43F-C88E-496F-9121-115D78E69195}.Release|Any CPU.ActiveCfg = Release|Any CPU
		{5CAAE43F-C88E-496F-9121-115D78E69195}.Release|Any CPU.Build.0 = Release|Any CPU
		{8E649E82-4F51-480D-BBE0-26A2CF6F8DEB}.Debug|Any CPU.ActiveCfg = Debug|Any CPU
		{8E649E82-4F51-480D-BBE0-26A2CF6F8DEB}.Debug|Any CPU.Build.0 = Debug|Any CPU
		{8E649E82-4F51-480D-BBE0-26A2CF6F8DEB}.Debug|Any CPU.Deploy.0 = Debug|Any CPU
		{8E649E82-4F51-480D-BBE0-26A2CF6F8DEB}.Release|Any CPU.ActiveCfg = Release|Any CPU
		{8E649E82-4F51-480D-BBE0-26A2CF6F8DEB}.Release|Any CPU.Build.0 = Release|Any CPU
		{8E649E82-4F51-480D-BBE0-26A2CF6F8DEB}.Release|Any CPU.Deploy.0 = Release|Any CPU
		{C81E1D1B-391F-4784-A762-636EE7C542BB}.Debug|Any CPU.ActiveCfg = Debug|Any CPU
		{C81E1D1B-391F-4784-A762-636EE7C542BB}.Debug|Any CPU.Build.0 = Debug|Any CPU
		{C81E1D1B-391F-4784-A762-636EE7C542BB}.Debug|Any CPU.Deploy.0 = Debug|Any CPU
		{C81E1D1B-391F-4784-A762-636EE7C542BB}.Release|Any CPU.ActiveCfg = Release|Any CPU
		{C81E1D1B-391F-4784-A762-636EE7C542BB}.Release|Any CPU.Build.0 = Release|Any CPU
		{C81E1D1B-391F-4784-A762-636EE7C542BB}.Release|Any CPU.Deploy.0 = Release|Any CPU
		{83848B6B-050B-4C80-8157-A085B4CF5F96}.Debug|Any CPU.ActiveCfg = Debug|Any CPU
		{83848B6B-050B-4C80-8157-A085B4CF5F96}.Debug|Any CPU.Build.0 = Debug|Any CPU
		{83848B6B-050B-4C80-8157-A085B4CF5F96}.Release|Any CPU.ActiveCfg = Release|Any CPU
		{83848B6B-050B-4C80-8157-A085B4CF5F96}.Release|Any CPU.Build.0 = Release|Any CPU
		{2274A6BB-A926-4352-B3CB-DEAEA8CC74A2}.Debug|Any CPU.ActiveCfg = Debug|Any CPU
		{2274A6BB-A926-4352-B3CB-DEAEA8CC74A2}.Debug|Any CPU.Build.0 = Debug|Any CPU
		{2274A6BB-A926-4352-B3CB-DEAEA8CC74A2}.Release|Any CPU.ActiveCfg = Release|Any CPU
		{2274A6BB-A926-4352-B3CB-DEAEA8CC74A2}.Release|Any CPU.Build.0 = Release|Any CPU
		{0EC08D0F-C3BA-47EB-9D4A-01B0A42A1052}.Debug|Any CPU.ActiveCfg = Debug|Any CPU
		{0EC08D0F-C3BA-47EB-9D4A-01B0A42A1052}.Debug|Any CPU.Build.0 = Debug|Any CPU
		{0EC08D0F-C3BA-47EB-9D4A-01B0A42A1052}.Debug|Any CPU.Deploy.0 = Debug|Any CPU
		{0EC08D0F-C3BA-47EB-9D4A-01B0A42A1052}.Release|Any CPU.ActiveCfg = Release|Any CPU
		{0EC08D0F-C3BA-47EB-9D4A-01B0A42A1052}.Release|Any CPU.Build.0 = Release|Any CPU
		{0EC08D0F-C3BA-47EB-9D4A-01B0A42A1052}.Release|Any CPU.Deploy.0 = Release|Any CPU
		{77A055B8-AAFF-419F-8129-9D44D43D017A}.Debug|Any CPU.ActiveCfg = Debug|Any CPU
		{77A055B8-AAFF-419F-8129-9D44D43D017A}.Debug|Any CPU.Build.0 = Debug|Any CPU
		{77A055B8-AAFF-419F-8129-9D44D43D017A}.Release|Any CPU.ActiveCfg = Release|Any CPU
		{77A055B8-AAFF-419F-8129-9D44D43D017A}.Release|Any CPU.Build.0 = Release|Any CPU
		{BB798BD9-766A-4F7B-A3DF-3CE02C34018A}.Debug|Any CPU.ActiveCfg = Debug|Any CPU
		{BB798BD9-766A-4F7B-A3DF-3CE02C34018A}.Debug|Any CPU.Build.0 = Debug|Any CPU
		{BB798BD9-766A-4F7B-A3DF-3CE02C34018A}.Debug|Any CPU.Deploy.0 = Debug|Any CPU
		{BB798BD9-766A-4F7B-A3DF-3CE02C34018A}.Release|Any CPU.ActiveCfg = Release|Any CPU
		{BB798BD9-766A-4F7B-A3DF-3CE02C34018A}.Release|Any CPU.Build.0 = Release|Any CPU
		{BB798BD9-766A-4F7B-A3DF-3CE02C34018A}.Release|Any CPU.Deploy.0 = Release|Any CPU
		{6FB6F0E4-3A69-4969-BF35-80A18321805D}.Debug|Any CPU.ActiveCfg = Debug|Any CPU
		{6FB6F0E4-3A69-4969-BF35-80A18321805D}.Debug|Any CPU.Build.0 = Debug|Any CPU
		{6FB6F0E4-3A69-4969-BF35-80A18321805D}.Release|Any CPU.ActiveCfg = Release|Any CPU
		{6FB6F0E4-3A69-4969-BF35-80A18321805D}.Release|Any CPU.Build.0 = Release|Any CPU
		{742C8AA6-A64B-429F-A7DB-0940F7254821}.Debug|Any CPU.ActiveCfg = Debug|Any CPU
		{742C8AA6-A64B-429F-A7DB-0940F7254821}.Debug|Any CPU.Build.0 = Debug|Any CPU
		{742C8AA6-A64B-429F-A7DB-0940F7254821}.Debug|Any CPU.Deploy.0 = Debug|Any CPU
		{742C8AA6-A64B-429F-A7DB-0940F7254821}.Release|Any CPU.ActiveCfg = Release|Any CPU
		{742C8AA6-A64B-429F-A7DB-0940F7254821}.Release|Any CPU.Build.0 = Release|Any CPU
		{742C8AA6-A64B-429F-A7DB-0940F7254821}.Release|Any CPU.Deploy.0 = Release|Any CPU
		{06D0FCD1-A5D6-4900-9F47-35364EF188CE}.Debug|Any CPU.ActiveCfg = Debug|Any CPU
		{06D0FCD1-A5D6-4900-9F47-35364EF188CE}.Debug|Any CPU.Build.0 = Debug|Any CPU
		{06D0FCD1-A5D6-4900-9F47-35364EF188CE}.Release|Any CPU.ActiveCfg = Release|Any CPU
		{06D0FCD1-A5D6-4900-9F47-35364EF188CE}.Release|Any CPU.Build.0 = Release|Any CPU
		{A43420AA-16B4-428C-9177-12B0C833077C}.Debug|Any CPU.ActiveCfg = Debug|Any CPU
		{A43420AA-16B4-428C-9177-12B0C833077C}.Debug|Any CPU.Build.0 = Debug|Any CPU
		{A43420AA-16B4-428C-9177-12B0C833077C}.Debug|Any CPU.Deploy.0 = Debug|Any CPU
		{A43420AA-16B4-428C-9177-12B0C833077C}.Release|Any CPU.ActiveCfg = Release|Any CPU
		{A43420AA-16B4-428C-9177-12B0C833077C}.Release|Any CPU.Build.0 = Release|Any CPU
		{A43420AA-16B4-428C-9177-12B0C833077C}.Release|Any CPU.Deploy.0 = Release|Any CPU
		{FF323C05-D9F3-4431-BFE8-715D0506BD84}.Debug|Any CPU.ActiveCfg = Debug|Any CPU
		{FF323C05-D9F3-4431-BFE8-715D0506BD84}.Debug|Any CPU.Build.0 = Debug|Any CPU
		{FF323C05-D9F3-4431-BFE8-715D0506BD84}.Release|Any CPU.ActiveCfg = Release|Any CPU
		{FF323C05-D9F3-4431-BFE8-715D0506BD84}.Release|Any CPU.Build.0 = Release|Any CPU
		{CB95C072-99AE-41DA-85FC-0BFC29F0B8F1}.Debug|Any CPU.ActiveCfg = Debug|Any CPU
		{CB95C072-99AE-41DA-85FC-0BFC29F0B8F1}.Debug|Any CPU.Build.0 = Debug|Any CPU
		{CB95C072-99AE-41DA-85FC-0BFC29F0B8F1}.Debug|Any CPU.Deploy.0 = Debug|Any CPU
		{CB95C072-99AE-41DA-85FC-0BFC29F0B8F1}.Release|Any CPU.ActiveCfg = Release|Any CPU
		{CB95C072-99AE-41DA-85FC-0BFC29F0B8F1}.Release|Any CPU.Build.0 = Release|Any CPU
		{CB95C072-99AE-41DA-85FC-0BFC29F0B8F1}.Release|Any CPU.Deploy.0 = Release|Any CPU
		{5624C497-1376-4885-AF37-11A9B4C24D03}.Debug|Any CPU.ActiveCfg = Debug|Any CPU
		{5624C497-1376-4885-AF37-11A9B4C24D03}.Debug|Any CPU.Build.0 = Debug|Any CPU
		{5624C497-1376-4885-AF37-11A9B4C24D03}.Release|Any CPU.ActiveCfg = Release|Any CPU
		{5624C497-1376-4885-AF37-11A9B4C24D03}.Release|Any CPU.Build.0 = Release|Any CPU
		{74751364-3282-48AA-9A56-298053E589A0}.Debug|Any CPU.ActiveCfg = Debug|Any CPU
		{74751364-3282-48AA-9A56-298053E589A0}.Debug|Any CPU.Build.0 = Debug|Any CPU
		{74751364-3282-48AA-9A56-298053E589A0}.Debug|Any CPU.Deploy.0 = Debug|Any CPU
		{74751364-3282-48AA-9A56-298053E589A0}.Release|Any CPU.ActiveCfg = Release|Any CPU
		{74751364-3282-48AA-9A56-298053E589A0}.Release|Any CPU.Build.0 = Release|Any CPU
		{74751364-3282-48AA-9A56-298053E589A0}.Release|Any CPU.Deploy.0 = Release|Any CPU
		{E3A654E5-A303-4257-83F5-3A7D15898C31}.Debug|Any CPU.ActiveCfg = Debug|Any CPU
		{E3A654E5-A303-4257-83F5-3A7D15898C31}.Debug|Any CPU.Build.0 = Debug|Any CPU
		{E3A654E5-A303-4257-83F5-3A7D15898C31}.Release|Any CPU.ActiveCfg = Release|Any CPU
		{E3A654E5-A303-4257-83F5-3A7D15898C31}.Release|Any CPU.Build.0 = Release|Any CPU
		{65B3B333-1FE7-48FD-97DF-23130C23D664}.Debug|Any CPU.ActiveCfg = Debug|Any CPU
		{65B3B333-1FE7-48FD-97DF-23130C23D664}.Debug|Any CPU.Build.0 = Debug|Any CPU
		{65B3B333-1FE7-48FD-97DF-23130C23D664}.Debug|Any CPU.Deploy.0 = Debug|Any CPU
		{65B3B333-1FE7-48FD-97DF-23130C23D664}.Release|Any CPU.ActiveCfg = Release|Any CPU
		{65B3B333-1FE7-48FD-97DF-23130C23D664}.Release|Any CPU.Build.0 = Release|Any CPU
		{65B3B333-1FE7-48FD-97DF-23130C23D664}.Release|Any CPU.Deploy.0 = Release|Any CPU
		{0CD1F341-D694-44DB-A2DF-FAA87B6D5E44}.Debug|Any CPU.ActiveCfg = Debug|Any CPU
		{0CD1F341-D694-44DB-A2DF-FAA87B6D5E44}.Debug|Any CPU.Build.0 = Debug|Any CPU
		{0CD1F341-D694-44DB-A2DF-FAA87B6D5E44}.Release|Any CPU.ActiveCfg = Release|Any CPU
		{0CD1F341-D694-44DB-A2DF-FAA87B6D5E44}.Release|Any CPU.Build.0 = Release|Any CPU
		{CCD66363-0CCD-42FB-B2A3-DD7523D680D6}.Debug|Any CPU.ActiveCfg = Debug|Any CPU
		{CCD66363-0CCD-42FB-B2A3-DD7523D680D6}.Debug|Any CPU.Build.0 = Debug|Any CPU
		{CCD66363-0CCD-42FB-B2A3-DD7523D680D6}.Debug|Any CPU.Deploy.0 = Debug|Any CPU
		{CCD66363-0CCD-42FB-B2A3-DD7523D680D6}.Release|Any CPU.ActiveCfg = Release|Any CPU
		{CCD66363-0CCD-42FB-B2A3-DD7523D680D6}.Release|Any CPU.Build.0 = Release|Any CPU
		{CCD66363-0CCD-42FB-B2A3-DD7523D680D6}.Release|Any CPU.Deploy.0 = Release|Any CPU
		{7E2163AF-C80E-41BB-AA08-0044A383E655}.Debug|Any CPU.ActiveCfg = Debug|Any CPU
		{7E2163AF-C80E-41BB-AA08-0044A383E655}.Debug|Any CPU.Build.0 = Debug|Any CPU
		{7E2163AF-C80E-41BB-AA08-0044A383E655}.Release|Any CPU.ActiveCfg = Release|Any CPU
		{7E2163AF-C80E-41BB-AA08-0044A383E655}.Release|Any CPU.Build.0 = Release|Any CPU
		{BD40B3D0-A7F6-4132-9257-4399158B4E50}.Debug|Any CPU.ActiveCfg = Debug|Any CPU
		{BD40B3D0-A7F6-4132-9257-4399158B4E50}.Debug|Any CPU.Build.0 = Debug|Any CPU
		{BD40B3D0-A7F6-4132-9257-4399158B4E50}.Debug|Any CPU.Deploy.0 = Debug|Any CPU
		{BD40B3D0-A7F6-4132-9257-4399158B4E50}.Release|Any CPU.ActiveCfg = Release|Any CPU
		{BD40B3D0-A7F6-4132-9257-4399158B4E50}.Release|Any CPU.Build.0 = Release|Any CPU
		{BD40B3D0-A7F6-4132-9257-4399158B4E50}.Release|Any CPU.Deploy.0 = Release|Any CPU
		{42AC6A19-AA57-4C89-932B-ECF52C6F0F51}.Debug|Any CPU.ActiveCfg = Debug|Any CPU
		{42AC6A19-AA57-4C89-932B-ECF52C6F0F51}.Debug|Any CPU.Build.0 = Debug|Any CPU
		{42AC6A19-AA57-4C89-932B-ECF52C6F0F51}.Release|Any CPU.ActiveCfg = Release|Any CPU
		{42AC6A19-AA57-4C89-932B-ECF52C6F0F51}.Release|Any CPU.Build.0 = Release|Any CPU
		{1A8587E2-474D-47CA-8FBE-7F29A6E081DF}.Debug|Any CPU.ActiveCfg = Debug|Any CPU
		{1A8587E2-474D-47CA-8FBE-7F29A6E081DF}.Debug|Any CPU.Build.0 = Debug|Any CPU
		{1A8587E2-474D-47CA-8FBE-7F29A6E081DF}.Debug|Any CPU.Deploy.0 = Debug|Any CPU
		{1A8587E2-474D-47CA-8FBE-7F29A6E081DF}.Release|Any CPU.ActiveCfg = Release|Any CPU
		{1A8587E2-474D-47CA-8FBE-7F29A6E081DF}.Release|Any CPU.Build.0 = Release|Any CPU
		{1A8587E2-474D-47CA-8FBE-7F29A6E081DF}.Release|Any CPU.Deploy.0 = Release|Any CPU
		{DDB22F4A-097E-41B8-801C-D27A707A0C50}.Debug|Any CPU.ActiveCfg = Debug|Any CPU
		{DDB22F4A-097E-41B8-801C-D27A707A0C50}.Debug|Any CPU.Build.0 = Debug|Any CPU
		{DDB22F4A-097E-41B8-801C-D27A707A0C50}.Release|Any CPU.ActiveCfg = Release|Any CPU
		{DDB22F4A-097E-41B8-801C-D27A707A0C50}.Release|Any CPU.Build.0 = Release|Any CPU
		{40CC6759-ED3D-4465-8594-4D644C382B76}.Debug|Any CPU.ActiveCfg = Debug|Any CPU
		{40CC6759-ED3D-4465-8594-4D644C382B76}.Debug|Any CPU.Build.0 = Debug|Any CPU
		{40CC6759-ED3D-4465-8594-4D644C382B76}.Release|Any CPU.ActiveCfg = Release|Any CPU
		{40CC6759-ED3D-4465-8594-4D644C382B76}.Release|Any CPU.Build.0 = Release|Any CPU
		{B7F1E818-B11B-4131-A736-A02ED5990418}.Debug|Any CPU.ActiveCfg = Debug|Any CPU
		{B7F1E818-B11B-4131-A736-A02ED5990418}.Debug|Any CPU.Build.0 = Debug|Any CPU
		{B7F1E818-B11B-4131-A736-A02ED5990418}.Release|Any CPU.ActiveCfg = Release|Any CPU
		{B7F1E818-B11B-4131-A736-A02ED5990418}.Release|Any CPU.Build.0 = Release|Any CPU
		{33ADFAC7-FE83-45D8-8252-67D9A0FFDFB3}.Debug|Any CPU.ActiveCfg = Debug|Any CPU
		{33ADFAC7-FE83-45D8-8252-67D9A0FFDFB3}.Debug|Any CPU.Build.0 = Debug|Any CPU
		{33ADFAC7-FE83-45D8-8252-67D9A0FFDFB3}.Release|Any CPU.ActiveCfg = Release|Any CPU
		{33ADFAC7-FE83-45D8-8252-67D9A0FFDFB3}.Release|Any CPU.Build.0 = Release|Any CPU
		{93153901-14E5-4948-885E-59431C6038F3}.Debug|Any CPU.ActiveCfg = Debug|Any CPU
		{93153901-14E5-4948-885E-59431C6038F3}.Debug|Any CPU.Build.0 = Debug|Any CPU
		{93153901-14E5-4948-885E-59431C6038F3}.Release|Any CPU.ActiveCfg = Release|Any CPU
		{93153901-14E5-4948-885E-59431C6038F3}.Release|Any CPU.Build.0 = Release|Any CPU
		{8406C097-8867-4E14-BADD-34F23960F970}.Debug|Any CPU.ActiveCfg = Debug|Any CPU
		{8406C097-8867-4E14-BADD-34F23960F970}.Debug|Any CPU.Build.0 = Debug|Any CPU
		{8406C097-8867-4E14-BADD-34F23960F970}.Release|Any CPU.ActiveCfg = Release|Any CPU
		{8406C097-8867-4E14-BADD-34F23960F970}.Release|Any CPU.Build.0 = Release|Any CPU
		{D59ED4FB-1ADB-4C6B-BF61-F8C33EAD12EA}.Debug|Any CPU.ActiveCfg = Debug|Any CPU
		{D59ED4FB-1ADB-4C6B-BF61-F8C33EAD12EA}.Debug|Any CPU.Build.0 = Debug|Any CPU
		{D59ED4FB-1ADB-4C6B-BF61-F8C33EAD12EA}.Release|Any CPU.ActiveCfg = Release|Any CPU
		{D59ED4FB-1ADB-4C6B-BF61-F8C33EAD12EA}.Release|Any CPU.Build.0 = Release|Any CPU
		{A5820D28-0D0D-446B-9394-3888D08D3ACB}.Debug|Any CPU.ActiveCfg = Debug|Any CPU
		{A5820D28-0D0D-446B-9394-3888D08D3ACB}.Debug|Any CPU.Build.0 = Debug|Any CPU
		{A5820D28-0D0D-446B-9394-3888D08D3ACB}.Release|Any CPU.ActiveCfg = Release|Any CPU
		{A5820D28-0D0D-446B-9394-3888D08D3ACB}.Release|Any CPU.Build.0 = Release|Any CPU
		{CEF37056-9C3A-4218-9DDF-379AC16BA9D3}.Debug|Any CPU.ActiveCfg = Debug|Any CPU
		{CEF37056-9C3A-4218-9DDF-379AC16BA9D3}.Debug|Any CPU.Build.0 = Debug|Any CPU
		{CEF37056-9C3A-4218-9DDF-379AC16BA9D3}.Release|Any CPU.ActiveCfg = Release|Any CPU
		{CEF37056-9C3A-4218-9DDF-379AC16BA9D3}.Release|Any CPU.Build.0 = Release|Any CPU
		{FF900168-93D6-4E4B-9727-53377AEAED51}.Debug|Any CPU.ActiveCfg = Debug|Any CPU
		{FF900168-93D6-4E4B-9727-53377AEAED51}.Debug|Any CPU.Build.0 = Debug|Any CPU
		{FF900168-93D6-4E4B-9727-53377AEAED51}.Release|Any CPU.ActiveCfg = Release|Any CPU
		{FF900168-93D6-4E4B-9727-53377AEAED51}.Release|Any CPU.Build.0 = Release|Any CPU
		{8F762191-5416-47B8-986F-08A377DD0CEC}.Debug|Any CPU.ActiveCfg = Debug|Any CPU
		{8F762191-5416-47B8-986F-08A377DD0CEC}.Debug|Any CPU.Build.0 = Debug|Any CPU
		{8F762191-5416-47B8-986F-08A377DD0CEC}.Release|Any CPU.ActiveCfg = Release|Any CPU
		{8F762191-5416-47B8-986F-08A377DD0CEC}.Release|Any CPU.Build.0 = Release|Any CPU
		{AC1A7E19-FF9F-4F22-9EEF-F74144C3E866}.Debug|Any CPU.ActiveCfg = Debug|Any CPU
		{AC1A7E19-FF9F-4F22-9EEF-F74144C3E866}.Debug|Any CPU.Build.0 = Debug|Any CPU
		{AC1A7E19-FF9F-4F22-9EEF-F74144C3E866}.Release|Any CPU.ActiveCfg = Release|Any CPU
		{AC1A7E19-FF9F-4F22-9EEF-F74144C3E866}.Release|Any CPU.Build.0 = Release|Any CPU
		{50311928-A757-4A0B-847E-58DB68FD6684}.Debug|Any CPU.ActiveCfg = Debug|Any CPU
		{50311928-A757-4A0B-847E-58DB68FD6684}.Debug|Any CPU.Build.0 = Debug|Any CPU
		{50311928-A757-4A0B-847E-58DB68FD6684}.Release|Any CPU.ActiveCfg = Release|Any CPU
		{50311928-A757-4A0B-847E-58DB68FD6684}.Release|Any CPU.Build.0 = Release|Any CPU
		{C6BE873F-AD53-49F2-B39D-8E8440B677EB}.Debug|Any CPU.ActiveCfg = Debug|Any CPU
		{C6BE873F-AD53-49F2-B39D-8E8440B677EB}.Debug|Any CPU.Build.0 = Debug|Any CPU
		{C6BE873F-AD53-49F2-B39D-8E8440B677EB}.Release|Any CPU.ActiveCfg = Release|Any CPU
		{C6BE873F-AD53-49F2-B39D-8E8440B677EB}.Release|Any CPU.Build.0 = Release|Any CPU
		{CEFF172C-F940-45C9-96AE-37126C014338}.Debug|Any CPU.ActiveCfg = Debug|Any CPU
		{CEFF172C-F940-45C9-96AE-37126C014338}.Debug|Any CPU.Build.0 = Debug|Any CPU
		{CEFF172C-F940-45C9-96AE-37126C014338}.Release|Any CPU.ActiveCfg = Release|Any CPU
		{CEFF172C-F940-45C9-96AE-37126C014338}.Release|Any CPU.Build.0 = Release|Any CPU
		{76027302-C0D6-4111-B722-4AA40CA1ECC9}.Debug|Any CPU.ActiveCfg = Debug|Any CPU
		{76027302-C0D6-4111-B722-4AA40CA1ECC9}.Debug|Any CPU.Build.0 = Debug|Any CPU
		{76027302-C0D6-4111-B722-4AA40CA1ECC9}.Release|Any CPU.ActiveCfg = Release|Any CPU
		{76027302-C0D6-4111-B722-4AA40CA1ECC9}.Release|Any CPU.Build.0 = Release|Any CPU
	EndGlobalSection
	GlobalSection(SolutionProperties) = preSolution
		HideSolutionNode = FALSE
	EndGlobalSection
	GlobalSection(ExtensibilityGlobals) = postSolution
		SolutionGuid = {58DDD304-6BCC-43F5-A443-5B0D4952AF03}
	EndGlobalSection
EndGlobal
