
Microsoft Visual Studio Solution File, Format Version 12.00
# Visual Studio Version 17
VisualStudioVersion = 17.6.33815.320
MinimumVisualStudioVersion = 10.0.40219.1
Project("{9A19103F-16F7-4668-BE54-9A1E7A4F7556}") = "Sample13_UPFAdvanced.NETCore", "Sample13_UPFAdvanced.NETCore\Sample13_UPFAdvanced.NETCore.csproj", "{AFBA0780-A3DA-45AB-9585-AA5764C60B31}"
EndProject
Project("{9A19103F-16F7-4668-BE54-9A1E7A4F7556}") = "Sample13_UPFAdvanced.Android", "Sample13_UPFAdvanced.Android\Sample13_UPFAdvanced.Android.csproj", "{7BC11524-770B-41E5-A076-F37EB84C3A67}"
	ProjectSection(ProjectDependencies) = postProject
		{AFBA0780-A3DA-45AB-9585-AA5764C60B31} = {AFBA0780-A3DA-45AB-9585-AA5764C60B31}
	EndProjectSection
EndProject
Project("{9A19103F-16F7-4668-BE54-9A1E7A4F7556}") = "Sample13_UPFAdvanced.Shared", "Sample13_UPFAdvanced.Shared\Sample13_UPFAdvanced.Shared.csproj", "{7E388FCA-7A44-45F4-A022-3D8E96A4B7B3}"
EndProject
Global
	GlobalSection(SolutionConfigurationPlatforms) = preSolution
		Debug|Any CPU = Debug|Any CPU
		Release|Any CPU = Release|Any CPU
	EndGlobalSection
	GlobalSection(ProjectConfigurationPlatforms) = postSolution
		{AFBA0780-A3DA-45AB-9585-AA5764C60B31}.Debug|Any CPU.ActiveCfg = Debug|Any CPU
		{AFBA0780-A3DA-45AB-9585-AA5764C60B31}.Debug|Any CPU.Build.0 = Debug|Any CPU
		{AFBA0780-A3DA-45AB-9585-AA5764C60B31}.Release|Any CPU.ActiveCfg = Release|Any CPU
		{AFBA0780-A3DA-45AB-9585-AA5764C60B31}.Release|Any CPU.Build.0 = Release|Any CPU
		{7BC11524-770B-41E5-A076-F37EB84C3A67}.Debug|Any CPU.ActiveCfg = Debug|Any CPU
		{7BC11524-770B-41E5-A076-F37EB84C3A67}.Debug|Any CPU.Build.0 = Debug|Any CPU
		{7BC11524-770B-41E5-A076-F37EB84C3A67}.Debug|Any CPU.Deploy.0 = Debug|Any CPU
		{7BC11524-770B-41E5-A076-F37EB84C3A67}.Release|Any CPU.ActiveCfg = Release|Any CPU
		{7BC11524-770B-41E5-A076-F37EB84C3A67}.Release|Any CPU.Build.0 = Release|Any CPU
		{7BC11524-770B-41E5-A076-F37EB84C3A67}.Release|Any CPU.Deploy.0 = Release|Any CPU
		{7E388FCA-7A44-45F4-A022-3D8E96A4B7B3}.Debug|Any CPU.ActiveCfg = Debug|Any CPU
		{7E388FCA-7A44-45F4-A022-3D8E96A4B7B3}.Debug|Any CPU.Build.0 = Debug|Any CPU
		{7E388FCA-7A44-45F4-A022-3D8E96A4B7B3}.Release|Any CPU.ActiveCfg = Release|Any CPU
		{7E388FCA-7A44-45F4-A022-3D8E96A4B7B3}.Release|Any CPU.Build.0 = Release|Any CPU
	EndGlobalSection
	GlobalSection(SolutionProperties) = preSolution
		HideSolutionNode = FALSE
	EndGlobalSection
	GlobalSection(ExtensibilityGlobals) = postSolution
		SolutionGuid = {5870930D-00ED-428A-9705-104C3A31CACB}
	EndGlobalSection
EndGlobal
